PODS:
  - Alamofire (4.7.0)
  - Crashlytics (3.10.1):
    - Fabric (~> 1.7.5)
  - Eureka (4.1.1)
  - Fabric (1.7.6)
  - Kanna (4.0.0)
  - Realm (3.3.0):
    - Realm/Headers (= 3.3.0)
  - Realm/Headers (3.3.0)
  - RealmSwift (3.3.0):
    - Realm (= 3.3.0)
  - SwiftyJSON (4.0.0)

DEPENDENCIES:
  - Alamofire (~> 4.6)
  - Crashlytics
  - Eureka
  - Fabric
  - Kanna (~> 4.0.0)
  - RealmSwift
  - SwiftyJSON

SPEC CHECKSUMS:
  Alamofire: 907e0a98eb68cdb7f9d1f541a563d6ac5dc77b25
  Crashlytics: aee1a064cbbf99b32efa3f056a5f458d846bc8ff
  Eureka: b88fb930e42c79f8c03c373d0fcdc28c1d6c50ed
  Fabric: f8d42c893bb187326a7968b62abe55c36a987a46
  Kanna: d5ae2a26472f7e7a474e7f36a9cd8aa2c8c63ad3
  Realm: 7d74ad6c5020432f58fe5e1df90bb6d97b2c7fef
  RealmSwift: b2fa31a09c22e246026766557405505eeaad2b01
  SwiftyJSON: 070dabdcb1beb81b247c65ffa3a79dbbfb3b48aa

PODFILE CHECKSUM: 14c23818a6ff49a89383b4839399c3e0beeef6b9

COCOAPODS: 1.4.0
