// !$*UTF8*$!
{
	archiveVersion = 1;
	classes = {
	};
	objectVersion = 46;
	objects = {

/* Begin PBXBuildFile section */
		01980DD847A75F282D981929 /* Pods_RussianBillsTests.framework in Frameworks */ = {isa = PBXBuildFile; fileRef = EE5348BD94C05A27EC7DDDF0 /* Pods_RussianBillsTests.framework */; };
		2A0C51C31F1E8C3A006C011F /* BillParser.swift in Sources */ = {isa = PBXBuildFile; fileRef = 2A0C51C11F1E8C3A006C011F /* BillParser.swift */; };
		2A0C51C41F1E8C3A006C011F /* BillParserEvent.swift in Sources */ = {isa = PBXBuildFile; fileRef = 2A0C51C21F1E8C3A006C011F /* BillParserEvent.swift */; };
		2A0DAA271FA11536007CC82A /* SettingsTableViewController.swift in Sources */ = {isa = PBXBuildFile; fileRef = 2A0DAA261FA11536007CC82A /* SettingsTableViewController.swift */; };
		2A101FF11F8BAB7B0027E47B /* String-CondenseWhitespaces.swift in Sources */ = {isa = PBXBuildFile; fileRef = 2A101FF01F8BAB7B0027E47B /* String-CondenseWhitespaces.swift */; };
		2A1DC8FE1F1ADA5B00866F0B /* String-IsoDateToReadableDate.swift in Sources */ = {isa = PBXBuildFile; fileRef = 2A1DC8FD1F1ADA5B00866F0B /* String-IsoDateToReadableDate.swift */; };
		2A23F0C01FC4A5DD00462428 /* CloudKit.framework in Frameworks */ = {isa = PBXBuildFile; fileRef = 2A23F0BF1FC4A5DD00462428 /* CloudKit.framework */; };
		2A290A291F96D2440056E990 /* SearchFormController.swift in Sources */ = {isa = PBXBuildFile; fileRef = 2A290A281F96D2440056E990 /* SearchFormController.swift */; };
		2A2F0A2E1F1FEFEF001D4B89 /* BillParserPhase.swift in Sources */ = {isa = PBXBuildFile; fileRef = 2A2F0A2D1F1FEFEF001D4B89 /* BillParserPhase.swift */; };
		2A3A03FD1F990773007D4EFE /* SearchResultsTableViewController.swift in Sources */ = {isa = PBXBuildFile; fileRef = 2A3A03FC1F990773007D4EFE /* SearchResultsTableViewController.swift */; };
		2A3A04031F992BB9007D4EFE /* SearchResultsTableViewCell.swift in Sources */ = {isa = PBXBuildFile; fileRef = 2A3A04021F992BB9007D4EFE /* SearchResultsTableViewCell.swift */; };
		2A3A19E91F218BB900CE7BAF /* AppIcon.xcassets in Resources */ = {isa = PBXBuildFile; fileRef = 2A3A19E81F218BB900CE7BAF /* AppIcon.xcassets */; };
		2A3D42051FBA594C0034331E /* SynchronizationManager.swift in Sources */ = {isa = PBXBuildFile; fileRef = 2A3D42041FBA594C0034331E /* SynchronizationManager.swift */; };
		2A45E4FD1F9547BB006B18E8 /* QuickSearchFieldsReporting.swift in Sources */ = {isa = PBXBuildFile; fileRef = 2A45E4FC1F9547BB006B18E8 /* QuickSearchFieldsReporting.swift */; };
		2A4ED0DC1F0D3F22008BF1B3 /* BillSearchQuerySortType.swift in Sources */ = {isa = PBXBuildFile; fileRef = 2A4ED0DB1F0D3F22008BF1B3 /* BillSearchQuerySortType.swift */; };
		2A4ED0DE1F0D40D8008BF1B3 /* BillSearchQueryPageLimit.swift in Sources */ = {isa = PBXBuildFile; fileRef = 2A4ED0DD1F0D40D8008BF1B3 /* BillSearchQueryPageLimit.swift */; };
		2A4FDBD11F0EBB93005C59AE /* Keys.plist in Resources */ = {isa = PBXBuildFile; fileRef = 2A4FDBD01F0EBB93005C59AE /* Keys.plist */; };
		2A4FDBD51F0EEC77005C59AE /* SimpleTableViewController.swift in Sources */ = {isa = PBXBuildFile; fileRef = 2A4FDBD41F0EEC77005C59AE /* SimpleTableViewController.swift */; };
		2A4FDBD71F0EEE5E005C59AE /* MainTableViewController.swift in Sources */ = {isa = PBXBuildFile; fileRef = 2A4FDBD61F0EEE5E005C59AE /* MainTableViewController.swift */; };
		2A4FDBD91F0EEFCC005C59AE /* SimpleTableViewControllerSelector.swift in Sources */ = {isa = PBXBuildFile; fileRef = 2A4FDBD81F0EEFCC005C59AE /* SimpleTableViewControllerSelector.swift */; };
		2A4FDBE01F1039A0005C59AE /* UserServices.swift in Sources */ = {isa = PBXBuildFile; fileRef = 2A4FDBDF1F1039A0005C59AE /* UserServices.swift */; };
		2A4FDBE31F104576005C59AE /* NameStartEndTableViewCell.swift in Sources */ = {isa = PBXBuildFile; fileRef = 2A4FDBE21F104576005C59AE /* NameStartEndTableViewCell.swift */; };
		2A4FDBE51F1046B8005C59AE /* NameStartEndTableViewCellDateTextGenerator.swift in Sources */ = {isa = PBXBuildFile; fileRef = 2A4FDBE41F1046B8005C59AE /* NameStartEndTableViewCellDateTextGenerator.swift */; };
		2A5A932C1F0C60320088BEB4 /* BillSearchQuery.swift in Sources */ = {isa = PBXBuildFile; fileRef = 2A5A932B1F0C60320088BEB4 /* BillSearchQuery.swift */; };
		2A6315AF1F0AE1B400611BD8 /* AppDelegate.swift in Sources */ = {isa = PBXBuildFile; fileRef = 2A6315AE1F0AE1B400611BD8 /* AppDelegate.swift */; };
		2A6315B41F0AE1B400611BD8 /* Main.storyboard in Resources */ = {isa = PBXBuildFile; fileRef = 2A6315B21F0AE1B400611BD8 /* Main.storyboard */; };
		2A6315B91F0AE1B400611BD8 /* LaunchScreen.storyboard in Resources */ = {isa = PBXBuildFile; fileRef = 2A6315B71F0AE1B400611BD8 /* LaunchScreen.storyboard */; };
		2A6315C41F0AE1B400611BD8 /* RussianBillsTests.swift in Sources */ = {isa = PBXBuildFile; fileRef = 2A6315C31F0AE1B400611BD8 /* RussianBillsTests.swift */; };
		2A6357941F16A3BD00191DF8 /* QuickSearchTableViewCell.swift in Sources */ = {isa = PBXBuildFile; fileRef = 2A6357931F16A3BD00191DF8 /* QuickSearchTableViewCell.swift */; };
		2A6DD02F1F1BF87B00FB16D7 /* Phase.swift in Sources */ = {isa = PBXBuildFile; fileRef = 2A6DD02E1F1BF87B00FB16D7 /* Phase.swift */; };
		2A75E8FD1F2282F30008FD8F /* FilesManager.swift in Sources */ = {isa = PBXBuildFile; fileRef = 2A75E8FC1F2282F30008FD8F /* FilesManager.swift */; };
		2A75E9041F22B4510008FD8F /* String-FileNameAndExtension.swift in Sources */ = {isa = PBXBuildFile; fileRef = 2A75E9031F22B4510008FD8F /* String-FileNameAndExtension.swift */; };
		2A8424BD1FBDDD3700F6E3BC /* LegislativeSubjTableViewController.swift in Sources */ = {isa = PBXBuildFile; fileRef = 2A8424BC1FBDDD3700F6E3BC /* LegislativeSubjTableViewController.swift */; };
		2A8781FE1F0BC24000A0554F /* RealmExtension.swift in Sources */ = {isa = PBXBuildFile; fileRef = 2A8781FD1F0BC24000A0554F /* RealmExtension.swift */; };
		2A8782021F0BE4A400A0554F /* Deputy.swift in Sources */ = {isa = PBXBuildFile; fileRef = 2A8782011F0BE4A400A0554F /* Deputy.swift */; };
		2A8782041F0BE89A00A0554F /* DeputyPosition.swift in Sources */ = {isa = PBXBuildFile; fileRef = 2A8782031F0BE89A00A0554F /* DeputyPosition.swift */; };
		2A8782061F0BECF400A0554F /* RequestFunctionsProvider.swift in Sources */ = {isa = PBXBuildFile; fileRef = 2A8782051F0BECF400A0554F /* RequestFunctionsProvider.swift */; };
		2A8F318E1FC722C600E5E3FD /* BillSyncContainer.swift in Sources */ = {isa = PBXBuildFile; fileRef = 2A8F318D1FC722C600E5E3FD /* BillSyncContainer.swift */; };
		2A92D6611F99386B00B2DD4E /* Dispatcher.swift in Sources */ = {isa = PBXBuildFile; fileRef = 2A92D6601F99386B00B2DD4E /* Dispatcher.swift */; };
		2A98F1691F0AEEFC004F5524 /* RequestRouter.swift in Sources */ = {isa = PBXBuildFile; fileRef = 2A98F1681F0AEEFC004F5524 /* RequestRouter.swift */; };
		2A98F16B1F0AEFC1004F5524 /* Bill.swift in Sources */ = {isa = PBXBuildFile; fileRef = 2A98F16A1F0AEFC1004F5524 /* Bill.swift */; };
		2A98F16E1F0AF070004F5524 /* LawType.swift in Sources */ = {isa = PBXBuildFile; fileRef = 2A98F16D1F0AF070004F5524 /* LawType.swift */; };
		2A98F1721F0AF3B4004F5524 /* Committee.swift in Sources */ = {isa = PBXBuildFile; fileRef = 2A98F1711F0AF3B4004F5524 /* Committee.swift */; };
		2A98F1741F0AFB3C004F5524 /* Topic.swift in Sources */ = {isa = PBXBuildFile; fileRef = 2A98F1731F0AFB3C004F5524 /* Topic.swift */; };
		2A98F1761F0AFBEA004F5524 /* LawClass.swift in Sources */ = {isa = PBXBuildFile; fileRef = 2A98F1751F0AFBEA004F5524 /* LawClass.swift */; };
		2AA471EF1F26B903006DF8B0 /* Faction.swift in Sources */ = {isa = PBXBuildFile; fileRef = 2AA471EE1F26B903006DF8B0 /* Faction.swift */; };
		2AA4D1981F0C03D200EE2DA3 /* BillStatus.swift in Sources */ = {isa = PBXBuildFile; fileRef = 2AA4D1971F0C03D200EE2DA3 /* BillStatus.swift */; };
		2AA4D19A1F0C04D200EE2DA3 /* FederalSubject.swift in Sources */ = {isa = PBXBuildFile; fileRef = 2AA4D1991F0C04D200EE2DA3 /* FederalSubject.swift */; };
		2AA4D19C1F0C10CF00EE2DA3 /* RegionalSubject.swift in Sources */ = {isa = PBXBuildFile; fileRef = 2AA4D19B1F0C10CF00EE2DA3 /* RegionalSubject.swift */; };
		2AA4D1A11F0C191900EE2DA3 /* InitialazibleWithJson.swift in Sources */ = {isa = PBXBuildFile; fileRef = 2AA4D1A01F0C191900EE2DA3 /* InitialazibleWithJson.swift */; };
		2AA4D1A31F0C37EB00EE2DA3 /* RequestRouterBillParameters.swift in Sources */ = {isa = PBXBuildFile; fileRef = 2AA4D1A21F0C37EB00EE2DA3 /* RequestRouterBillParameters.swift */; };
		2AA62DB91F8CE764000405F5 /* FavEmptyView.xib in Resources */ = {isa = PBXBuildFile; fileRef = 2AA62DB81F8CE764000405F5 /* FavEmptyView.xib */; };
		2AA6771C1F214EDD003CFD37 /* BillDetailsTableViewController.swift in Sources */ = {isa = PBXBuildFile; fileRef = 2AA6771B1F214EDD003CFD37 /* BillDetailsTableViewController.swift */; };
		2AA6771E1F215321003CFD37 /* EventDescriptionTableViewCell.swift in Sources */ = {isa = PBXBuildFile; fileRef = 2AA6771D1F215321003CFD37 /* EventDescriptionTableViewCell.swift */; };
		2AA677211F216F30003CFD37 /* BillAttachedDocumentsTableViewController.swift in Sources */ = {isa = PBXBuildFile; fileRef = 2AA677201F216F30003CFD37 /* BillAttachedDocumentsTableViewController.swift */; };
		2AA751351FBDF55D00E2535E /* OnMapViewController.swift in Sources */ = {isa = PBXBuildFile; fileRef = 2AA751341FBDF55D00E2535E /* OnMapViewController.swift */; };
		2AA751391FBDFFE600E2535E /* LocationManager.swift in Sources */ = {isa = PBXBuildFile; fileRef = 2AA751381FBDFFE600E2535E /* LocationManager.swift */; };
		2AA7513B1FBE0B8C00E2535E /* MapKit.framework in Frameworks */ = {isa = PBXBuildFile; fileRef = 2AA7513A1FBE0B8C00E2535E /* MapKit.framework */; };
		2AA9C36B1FC733B000169EB7 /* Bill+CKRecord.swift in Sources */ = {isa = PBXBuildFile; fileRef = 2AA9C36A1FC733B000169EB7 /* Bill+CKRecord.swift */; };
		2AA9C36D1FC738A900169EB7 /* BillSyncContainerStorage.swift in Sources */ = {isa = PBXBuildFile; fileRef = 2AA9C36C1FC738A900169EB7 /* BillSyncContainerStorage.swift */; };
		2AAA81651F19599E005DF090 /* BillCardTableViewController.swift in Sources */ = {isa = PBXBuildFile; fileRef = 2AAA81641F19599E005DF090 /* BillCardTableViewController.swift */; };
		2AAE25A21F183C970053AD75 /* FavoritesTableViewCell.swift in Sources */ = {isa = PBXBuildFile; fileRef = 2AAE25A11F183C970053AD75 /* FavoritesTableViewCell.swift */; };
		2AB1596D1F15526A00FF7BBD /* Stage.swift in Sources */ = {isa = PBXBuildFile; fileRef = 2AB1596C1F15526A00FF7BBD /* Stage.swift */; };
		2AB1596F1F15530600FF7BBD /* Instance.swift in Sources */ = {isa = PBXBuildFile; fileRef = 2AB1596E1F15530600FF7BBD /* Instance.swift */; };
		2AB159731F15633100FF7BBD /* UserDefaultsCoordinator.swift in Sources */ = {isa = PBXBuildFile; fileRef = 2AB159721F15633100FF7BBD /* UserDefaultsCoordinator.swift */; };
		2AB31E801F16A154005E681F /* QuickSearchTableViewController.swift in Sources */ = {isa = PBXBuildFile; fileRef = 2AB31E7F1F16A154005E681F /* QuickSearchTableViewController.swift */; };
		2AB5E5A31FB0F711005613FE /* GoogleService-Info.plist in Resources */ = {isa = PBXBuildFile; fileRef = 2AB5E5A21FB0F710005613FE /* GoogleService-Info.plist */; };
		2ABABAEA1FBDE3CE000B58E5 /* LegislativeSubjectTypeEnum.swift in Sources */ = {isa = PBXBuildFile; fileRef = 2ABABAE91FBDE3CE000B58E5 /* LegislativeSubjectTypeEnum.swift */; };
		2AC02F601FBF594D0047ACDA /* TempRegSubjInfo.swift in Sources */ = {isa = PBXBuildFile; fileRef = 2AC02F5F1FBF594D0047ACDA /* TempRegSubjInfo.swift */; };
		2AD1E9391F127AA600CA0D89 /* FavoritesTableViewController.swift in Sources */ = {isa = PBXBuildFile; fileRef = 2AD1E9381F127AA600CA0D89 /* FavoritesTableViewController.swift */; };
		2AD350D51FA51CAD00EAC827 /* AttachmentTableViewCell.swift in Sources */ = {isa = PBXBuildFile; fileRef = 2AD350D41FA51CAD00EAC827 /* AttachmentTableViewCell.swift */; };
		2AE05F9B1F40F1FC00AEE2D1 /* BillsList.swift in Sources */ = {isa = PBXBuildFile; fileRef = 2AE05F9A1F40F1FC00AEE2D1 /* BillsList.swift */; };
		2AE20DB91FA216CB00BDCF08 /* BillParserContent.swift in Sources */ = {isa = PBXBuildFile; fileRef = 2AE20DB81FA216CB00BDCF08 /* BillParserContent.swift */; };
		2AE6E8F01FAA893F0006AD05 /* BillListType.swift in Sources */ = {isa = PBXBuildFile; fileRef = 2AE6E8EF1FAA893F0006AD05 /* BillListType.swift */; };
		2AE76E1A1FB10D9800CE79AF /* AutorizationFormController.swift in Sources */ = {isa = PBXBuildFile; fileRef = 2AE76E191FB10D9800CE79AF /* AutorizationFormController.swift */; };
		2AE76E1C1FB12FB900CE79AF /* AuthStatus.swift in Sources */ = {isa = PBXBuildFile; fileRef = 2AE76E1B1FB12FB900CE79AF /* AuthStatus.swift */; };
		2AE76E1E1FB1383300CE79AF /* FavoriteBillsStruct.swift in Sources */ = {isa = PBXBuildFile; fileRef = 2AE76E1D1FB1383300CE79AF /* FavoriteBillsStruct.swift */; };
		2AF15C121FC75C230018991C /* ICloudSyncEngine.swift in Sources */ = {isa = PBXBuildFile; fileRef = 2AF15C111FC75C230018991C /* ICloudSyncEngine.swift */; };
		2AF15C171FC77DE70018991C /* FavoriteBill.swift in Sources */ = {isa = PBXBuildFile; fileRef = 2AF15C161FC77DE70018991C /* FavoriteBill.swift */; };
		2AFF24611F1B7BDD0019B80F /* DateToIsoStringExtension.swift in Sources */ = {isa = PBXBuildFile; fileRef = 2AFF24601F1B7BDD0019B80F /* DateToIsoStringExtension.swift */; };
		2DC8A0204CA7DD91F0587FA5 /* Pods_RussianBills.framework in Frameworks */ = {isa = PBXBuildFile; fileRef = DDB991CB5D23CC7D2D205F21 /* Pods_RussianBills.framework */; };
/* End PBXBuildFile section */

/* Begin PBXContainerItemProxy section */
		2A6315C01F0AE1B400611BD8 /* PBXContainerItemProxy */ = {
			isa = PBXContainerItemProxy;
			containerPortal = 2A6315A31F0AE1B400611BD8 /* Project object */;
			proxyType = 1;
			remoteGlobalIDString = 2A6315AA1F0AE1B400611BD8;
			remoteInfo = RussianBills;
		};
/* End PBXContainerItemProxy section */

/* Begin PBXFileReference section */
		0E6E209F35ACB58153B9E043 /* Pods-RussianBills.release.xcconfig */ = {isa = PBXFileReference; includeInIndex = 1; lastKnownFileType = text.xcconfig; name = "Pods-RussianBills.release.xcconfig"; path = "Pods/Target Support Files/Pods-RussianBills/Pods-RussianBills.release.xcconfig"; sourceTree = "<group>"; };
		2A0C51C11F1E8C3A006C011F /* BillParser.swift */ = {isa = PBXFileReference; fileEncoding = 4; lastKnownFileType = sourcecode.swift; path = BillParser.swift; sourceTree = "<group>"; };
		2A0C51C21F1E8C3A006C011F /* BillParserEvent.swift */ = {isa = PBXFileReference; fileEncoding = 4; lastKnownFileType = sourcecode.swift; path = BillParserEvent.swift; sourceTree = "<group>"; };
		2A0DAA261FA11536007CC82A /* SettingsTableViewController.swift */ = {isa = PBXFileReference; lastKnownFileType = sourcecode.swift; path = SettingsTableViewController.swift; sourceTree = "<group>"; };
		2A101FF01F8BAB7B0027E47B /* String-CondenseWhitespaces.swift */ = {isa = PBXFileReference; lastKnownFileType = sourcecode.swift; path = "String-CondenseWhitespaces.swift"; sourceTree = "<group>"; };
		2A1DC8FD1F1ADA5B00866F0B /* String-IsoDateToReadableDate.swift */ = {isa = PBXFileReference; fileEncoding = 4; lastKnownFileType = sourcecode.swift; path = "String-IsoDateToReadableDate.swift"; sourceTree = "<group>"; };
		2A23F0BF1FC4A5DD00462428 /* CloudKit.framework */ = {isa = PBXFileReference; lastKnownFileType = wrapper.framework; name = CloudKit.framework; path = System/Library/Frameworks/CloudKit.framework; sourceTree = SDKROOT; };
		2A290A281F96D2440056E990 /* SearchFormController.swift */ = {isa = PBXFileReference; lastKnownFileType = sourcecode.swift; path = SearchFormController.swift; sourceTree = "<group>"; };
		2A2F0A2D1F1FEFEF001D4B89 /* BillParserPhase.swift */ = {isa = PBXFileReference; fileEncoding = 4; lastKnownFileType = sourcecode.swift; path = BillParserPhase.swift; sourceTree = "<group>"; };
		2A3A03FC1F990773007D4EFE /* SearchResultsTableViewController.swift */ = {isa = PBXFileReference; lastKnownFileType = sourcecode.swift; path = SearchResultsTableViewController.swift; sourceTree = "<group>"; };
		2A3A04021F992BB9007D4EFE /* SearchResultsTableViewCell.swift */ = {isa = PBXFileReference; lastKnownFileType = sourcecode.swift; path = SearchResultsTableViewCell.swift; sourceTree = "<group>"; };
		2A3A19E81F218BB900CE7BAF /* AppIcon.xcassets */ = {isa = PBXFileReference; lastKnownFileType = folder.assetcatalog; path = AppIcon.xcassets; sourceTree = "<group>"; };
		2A3D42041FBA594C0034331E /* SynchronizationManager.swift */ = {isa = PBXFileReference; fileEncoding = 4; lastKnownFileType = sourcecode.swift; path = SynchronizationManager.swift; sourceTree = "<group>"; };
		2A45E4FC1F9547BB006B18E8 /* QuickSearchFieldsReporting.swift */ = {isa = PBXFileReference; lastKnownFileType = sourcecode.swift; path = QuickSearchFieldsReporting.swift; sourceTree = "<group>"; };
		2A4ED0DB1F0D3F22008BF1B3 /* BillSearchQuerySortType.swift */ = {isa = PBXFileReference; fileEncoding = 4; lastKnownFileType = sourcecode.swift; path = BillSearchQuerySortType.swift; sourceTree = "<group>"; };
		2A4ED0DD1F0D40D8008BF1B3 /* BillSearchQueryPageLimit.swift */ = {isa = PBXFileReference; fileEncoding = 4; lastKnownFileType = sourcecode.swift; path = BillSearchQueryPageLimit.swift; sourceTree = "<group>"; };
		2A4FDBD01F0EBB93005C59AE /* Keys.plist */ = {isa = PBXFileReference; fileEncoding = 4; lastKnownFileType = text.plist.xml; path = Keys.plist; sourceTree = "<group>"; };
		2A4FDBD41F0EEC77005C59AE /* SimpleTableViewController.swift */ = {isa = PBXFileReference; fileEncoding = 4; lastKnownFileType = sourcecode.swift; path = SimpleTableViewController.swift; sourceTree = "<group>"; };
		2A4FDBD61F0EEE5E005C59AE /* MainTableViewController.swift */ = {isa = PBXFileReference; fileEncoding = 4; lastKnownFileType = sourcecode.swift; path = MainTableViewController.swift; sourceTree = "<group>"; };
		2A4FDBD81F0EEFCC005C59AE /* SimpleTableViewControllerSelector.swift */ = {isa = PBXFileReference; fileEncoding = 4; lastKnownFileType = sourcecode.swift; path = SimpleTableViewControllerSelector.swift; sourceTree = "<group>"; };
		2A4FDBDF1F1039A0005C59AE /* UserServices.swift */ = {isa = PBXFileReference; fileEncoding = 4; lastKnownFileType = sourcecode.swift; path = UserServices.swift; sourceTree = "<group>"; };
		2A4FDBE21F104576005C59AE /* NameStartEndTableViewCell.swift */ = {isa = PBXFileReference; fileEncoding = 4; lastKnownFileType = sourcecode.swift; path = NameStartEndTableViewCell.swift; sourceTree = "<group>"; };
		2A4FDBE41F1046B8005C59AE /* NameStartEndTableViewCellDateTextGenerator.swift */ = {isa = PBXFileReference; fileEncoding = 4; lastKnownFileType = sourcecode.swift; path = NameStartEndTableViewCellDateTextGenerator.swift; sourceTree = "<group>"; };
		2A5A932B1F0C60320088BEB4 /* BillSearchQuery.swift */ = {isa = PBXFileReference; fileEncoding = 4; lastKnownFileType = sourcecode.swift; path = BillSearchQuery.swift; sourceTree = "<group>"; };
		2A6315AB1F0AE1B400611BD8 /* RussianBills.app */ = {isa = PBXFileReference; explicitFileType = wrapper.application; includeInIndex = 0; path = RussianBills.app; sourceTree = BUILT_PRODUCTS_DIR; };
		2A6315AE1F0AE1B400611BD8 /* AppDelegate.swift */ = {isa = PBXFileReference; lastKnownFileType = sourcecode.swift; path = AppDelegate.swift; sourceTree = "<group>"; };
		2A6315B31F0AE1B400611BD8 /* Base */ = {isa = PBXFileReference; lastKnownFileType = file.storyboard; name = Base; path = Base.lproj/Main.storyboard; sourceTree = "<group>"; };
		2A6315B81F0AE1B400611BD8 /* Base */ = {isa = PBXFileReference; lastKnownFileType = file.storyboard; name = Base; path = Base.lproj/LaunchScreen.storyboard; sourceTree = "<group>"; };
		2A6315BA1F0AE1B400611BD8 /* Info.plist */ = {isa = PBXFileReference; lastKnownFileType = text.plist.xml; path = Info.plist; sourceTree = "<group>"; };
		2A6315BF1F0AE1B400611BD8 /* RussianBillsTests.xctest */ = {isa = PBXFileReference; explicitFileType = wrapper.cfbundle; includeInIndex = 0; path = RussianBillsTests.xctest; sourceTree = BUILT_PRODUCTS_DIR; };
		2A6315C31F0AE1B400611BD8 /* RussianBillsTests.swift */ = {isa = PBXFileReference; lastKnownFileType = sourcecode.swift; path = RussianBillsTests.swift; sourceTree = "<group>"; };
		2A6315C51F0AE1B400611BD8 /* Info.plist */ = {isa = PBXFileReference; lastKnownFileType = text.plist.xml; path = Info.plist; sourceTree = "<group>"; };
		2A6357931F16A3BD00191DF8 /* QuickSearchTableViewCell.swift */ = {isa = PBXFileReference; fileEncoding = 4; lastKnownFileType = sourcecode.swift; path = QuickSearchTableViewCell.swift; sourceTree = "<group>"; };
		2A6DD02E1F1BF87B00FB16D7 /* Phase.swift */ = {isa = PBXFileReference; fileEncoding = 4; lastKnownFileType = sourcecode.swift; path = Phase.swift; sourceTree = "<group>"; };
		2A75E8FC1F2282F30008FD8F /* FilesManager.swift */ = {isa = PBXFileReference; fileEncoding = 4; lastKnownFileType = sourcecode.swift; path = FilesManager.swift; sourceTree = "<group>"; };
		2A75E9031F22B4510008FD8F /* String-FileNameAndExtension.swift */ = {isa = PBXFileReference; fileEncoding = 4; lastKnownFileType = sourcecode.swift; path = "String-FileNameAndExtension.swift"; sourceTree = "<group>"; };
		2A8424BC1FBDDD3700F6E3BC /* LegislativeSubjTableViewController.swift */ = {isa = PBXFileReference; lastKnownFileType = sourcecode.swift; path = LegislativeSubjTableViewController.swift; sourceTree = "<group>"; };
		2A8781FD1F0BC24000A0554F /* RealmExtension.swift */ = {isa = PBXFileReference; fileEncoding = 4; lastKnownFileType = sourcecode.swift; path = RealmExtension.swift; sourceTree = "<group>"; };
		2A8782011F0BE4A400A0554F /* Deputy.swift */ = {isa = PBXFileReference; fileEncoding = 4; lastKnownFileType = sourcecode.swift; path = Deputy.swift; sourceTree = "<group>"; };
		2A8782031F0BE89A00A0554F /* DeputyPosition.swift */ = {isa = PBXFileReference; fileEncoding = 4; lastKnownFileType = sourcecode.swift; path = DeputyPosition.swift; sourceTree = "<group>"; };
		2A8782051F0BECF400A0554F /* RequestFunctionsProvider.swift */ = {isa = PBXFileReference; fileEncoding = 4; lastKnownFileType = sourcecode.swift; path = RequestFunctionsProvider.swift; sourceTree = "<group>"; };
		2A8F318D1FC722C600E5E3FD /* BillSyncContainer.swift */ = {isa = PBXFileReference; lastKnownFileType = sourcecode.swift; path = BillSyncContainer.swift; sourceTree = "<group>"; };
		2A92D6601F99386B00B2DD4E /* Dispatcher.swift */ = {isa = PBXFileReference; lastKnownFileType = sourcecode.swift; path = Dispatcher.swift; sourceTree = "<group>"; };
		2A98F1681F0AEEFC004F5524 /* RequestRouter.swift */ = {isa = PBXFileReference; fileEncoding = 4; lastKnownFileType = sourcecode.swift; path = RequestRouter.swift; sourceTree = "<group>"; };
		2A98F16A1F0AEFC1004F5524 /* Bill.swift */ = {isa = PBXFileReference; fileEncoding = 4; lastKnownFileType = sourcecode.swift; path = Bill.swift; sourceTree = "<group>"; };
		2A98F16D1F0AF070004F5524 /* LawType.swift */ = {isa = PBXFileReference; fileEncoding = 4; lastKnownFileType = sourcecode.swift; path = LawType.swift; sourceTree = "<group>"; };
		2A98F1711F0AF3B4004F5524 /* Committee.swift */ = {isa = PBXFileReference; fileEncoding = 4; lastKnownFileType = sourcecode.swift; path = Committee.swift; sourceTree = "<group>"; };
		2A98F1731F0AFB3C004F5524 /* Topic.swift */ = {isa = PBXFileReference; fileEncoding = 4; lastKnownFileType = sourcecode.swift; path = Topic.swift; sourceTree = "<group>"; };
		2A98F1751F0AFBEA004F5524 /* LawClass.swift */ = {isa = PBXFileReference; fileEncoding = 4; lastKnownFileType = sourcecode.swift; path = LawClass.swift; sourceTree = "<group>"; };
		2AA471EE1F26B903006DF8B0 /* Faction.swift */ = {isa = PBXFileReference; fileEncoding = 4; lastKnownFileType = sourcecode.swift; path = Faction.swift; sourceTree = "<group>"; };
		2AA4D1971F0C03D200EE2DA3 /* BillStatus.swift */ = {isa = PBXFileReference; fileEncoding = 4; lastKnownFileType = sourcecode.swift; path = BillStatus.swift; sourceTree = "<group>"; };
		2AA4D1991F0C04D200EE2DA3 /* FederalSubject.swift */ = {isa = PBXFileReference; fileEncoding = 4; lastKnownFileType = sourcecode.swift; path = FederalSubject.swift; sourceTree = "<group>"; };
		2AA4D19B1F0C10CF00EE2DA3 /* RegionalSubject.swift */ = {isa = PBXFileReference; fileEncoding = 4; lastKnownFileType = sourcecode.swift; path = RegionalSubject.swift; sourceTree = "<group>"; };
		2AA4D1A01F0C191900EE2DA3 /* InitialazibleWithJson.swift */ = {isa = PBXFileReference; fileEncoding = 4; lastKnownFileType = sourcecode.swift; path = InitialazibleWithJson.swift; sourceTree = "<group>"; };
		2AA4D1A21F0C37EB00EE2DA3 /* RequestRouterBillParameters.swift */ = {isa = PBXFileReference; fileEncoding = 4; lastKnownFileType = sourcecode.swift; path = RequestRouterBillParameters.swift; sourceTree = "<group>"; };
		2AA62DB81F8CE764000405F5 /* FavEmptyView.xib */ = {isa = PBXFileReference; lastKnownFileType = file.xib; path = FavEmptyView.xib; sourceTree = "<group>"; };
		2AA6771B1F214EDD003CFD37 /* BillDetailsTableViewController.swift */ = {isa = PBXFileReference; fileEncoding = 4; lastKnownFileType = sourcecode.swift; path = BillDetailsTableViewController.swift; sourceTree = "<group>"; };
		2AA6771D1F215321003CFD37 /* EventDescriptionTableViewCell.swift */ = {isa = PBXFileReference; fileEncoding = 4; lastKnownFileType = sourcecode.swift; path = EventDescriptionTableViewCell.swift; sourceTree = "<group>"; };
		2AA677201F216F30003CFD37 /* BillAttachedDocumentsTableViewController.swift */ = {isa = PBXFileReference; fileEncoding = 4; lastKnownFileType = sourcecode.swift; path = BillAttachedDocumentsTableViewController.swift; sourceTree = "<group>"; };
		2AA751341FBDF55D00E2535E /* OnMapViewController.swift */ = {isa = PBXFileReference; lastKnownFileType = sourcecode.swift; path = OnMapViewController.swift; sourceTree = "<group>"; };
		2AA751381FBDFFE600E2535E /* LocationManager.swift */ = {isa = PBXFileReference; lastKnownFileType = sourcecode.swift; path = LocationManager.swift; sourceTree = "<group>"; };
		2AA7513A1FBE0B8C00E2535E /* MapKit.framework */ = {isa = PBXFileReference; lastKnownFileType = wrapper.framework; name = MapKit.framework; path = System/Library/Frameworks/MapKit.framework; sourceTree = SDKROOT; };
		2AA9C36A1FC733B000169EB7 /* Bill+CKRecord.swift */ = {isa = PBXFileReference; lastKnownFileType = sourcecode.swift; path = "Bill+CKRecord.swift"; sourceTree = "<group>"; };
		2AA9C36C1FC738A900169EB7 /* BillSyncContainerStorage.swift */ = {isa = PBXFileReference; lastKnownFileType = sourcecode.swift; path = BillSyncContainerStorage.swift; sourceTree = "<group>"; };
		2AAA81641F19599E005DF090 /* BillCardTableViewController.swift */ = {isa = PBXFileReference; fileEncoding = 4; lastKnownFileType = sourcecode.swift; path = BillCardTableViewController.swift; sourceTree = "<group>"; };
		2AAE25A11F183C970053AD75 /* FavoritesTableViewCell.swift */ = {isa = PBXFileReference; fileEncoding = 4; lastKnownFileType = sourcecode.swift; path = FavoritesTableViewCell.swift; sourceTree = "<group>"; };
		2AB1596C1F15526A00FF7BBD /* Stage.swift */ = {isa = PBXFileReference; fileEncoding = 4; lastKnownFileType = sourcecode.swift; path = Stage.swift; sourceTree = "<group>"; };
		2AB1596E1F15530600FF7BBD /* Instance.swift */ = {isa = PBXFileReference; fileEncoding = 4; lastKnownFileType = sourcecode.swift; path = Instance.swift; sourceTree = "<group>"; };
		2AB159721F15633100FF7BBD /* UserDefaultsCoordinator.swift */ = {isa = PBXFileReference; fileEncoding = 4; lastKnownFileType = sourcecode.swift; path = UserDefaultsCoordinator.swift; sourceTree = "<group>"; };
		2AB31E7F1F16A154005E681F /* QuickSearchTableViewController.swift */ = {isa = PBXFileReference; fileEncoding = 4; lastKnownFileType = sourcecode.swift; path = QuickSearchTableViewController.swift; sourceTree = "<group>"; };
		2AB5E5A21FB0F710005613FE /* GoogleService-Info.plist */ = {isa = PBXFileReference; fileEncoding = 4; lastKnownFileType = text.plist.xml; path = "GoogleService-Info.plist"; sourceTree = "<group>"; };
		2ABABAE91FBDE3CE000B58E5 /* LegislativeSubjectTypeEnum.swift */ = {isa = PBXFileReference; lastKnownFileType = sourcecode.swift; path = LegislativeSubjectTypeEnum.swift; sourceTree = "<group>"; };
		2AC02F5F1FBF594D0047ACDA /* TempRegSubjInfo.swift */ = {isa = PBXFileReference; lastKnownFileType = sourcecode.swift; path = TempRegSubjInfo.swift; sourceTree = "<group>"; };
		2AD1E9381F127AA600CA0D89 /* FavoritesTableViewController.swift */ = {isa = PBXFileReference; fileEncoding = 4; lastKnownFileType = sourcecode.swift; path = FavoritesTableViewController.swift; sourceTree = "<group>"; };
		2AD350D41FA51CAD00EAC827 /* AttachmentTableViewCell.swift */ = {isa = PBXFileReference; lastKnownFileType = sourcecode.swift; path = AttachmentTableViewCell.swift; sourceTree = "<group>"; };
		2AE05F9A1F40F1FC00AEE2D1 /* BillsList.swift */ = {isa = PBXFileReference; fileEncoding = 4; lastKnownFileType = sourcecode.swift; path = BillsList.swift; sourceTree = "<group>"; };
		2AE20DB81FA216CB00BDCF08 /* BillParserContent.swift */ = {isa = PBXFileReference; lastKnownFileType = sourcecode.swift; path = BillParserContent.swift; sourceTree = "<group>"; };
		2AE6E8EF1FAA893F0006AD05 /* BillListType.swift */ = {isa = PBXFileReference; lastKnownFileType = sourcecode.swift; path = BillListType.swift; sourceTree = "<group>"; };
		2AE76E191FB10D9800CE79AF /* AutorizationFormController.swift */ = {isa = PBXFileReference; lastKnownFileType = sourcecode.swift; path = AutorizationFormController.swift; sourceTree = "<group>"; };
		2AE76E1B1FB12FB900CE79AF /* AuthStatus.swift */ = {isa = PBXFileReference; lastKnownFileType = sourcecode.swift; path = AuthStatus.swift; sourceTree = "<group>"; };
		2AE76E1D1FB1383300CE79AF /* FavoriteBillsStruct.swift */ = {isa = PBXFileReference; lastKnownFileType = sourcecode.swift; path = FavoriteBillsStruct.swift; sourceTree = "<group>"; };
		2AF15C111FC75C230018991C /* ICloudSyncEngine.swift */ = {isa = PBXFileReference; lastKnownFileType = sourcecode.swift; path = ICloudSyncEngine.swift; sourceTree = "<group>"; };
		2AF15C161FC77DE70018991C /* FavoriteBill.swift */ = {isa = PBXFileReference; lastKnownFileType = sourcecode.swift; path = FavoriteBill.swift; sourceTree = "<group>"; };
		2AF231B01FC34FD800EDBB23 /* RussianBills.entitlements */ = {isa = PBXFileReference; lastKnownFileType = text.plist.entitlements; path = RussianBills.entitlements; sourceTree = "<group>"; };
		2AFF24601F1B7BDD0019B80F /* DateToIsoStringExtension.swift */ = {isa = PBXFileReference; fileEncoding = 4; lastKnownFileType = sourcecode.swift; path = DateToIsoStringExtension.swift; sourceTree = "<group>"; };
		4A93CF53FD74C6B76B44F2F7 /* Pods-RussianBills.debug.xcconfig */ = {isa = PBXFileReference; includeInIndex = 1; lastKnownFileType = text.xcconfig; name = "Pods-RussianBills.debug.xcconfig"; path = "Pods/Target Support Files/Pods-RussianBills/Pods-RussianBills.debug.xcconfig"; sourceTree = "<group>"; };
		A30249DAB1228218AE2F7FF5 /* Pods-RussianBillsTests.release.xcconfig */ = {isa = PBXFileReference; includeInIndex = 1; lastKnownFileType = text.xcconfig; name = "Pods-RussianBillsTests.release.xcconfig"; path = "Pods/Target Support Files/Pods-RussianBillsTests/Pods-RussianBillsTests.release.xcconfig"; sourceTree = "<group>"; };
		BCBC56BC82CEA5AF364A1F54 /* Pods-RussianBillsTests.debug.xcconfig */ = {isa = PBXFileReference; includeInIndex = 1; lastKnownFileType = text.xcconfig; name = "Pods-RussianBillsTests.debug.xcconfig"; path = "Pods/Target Support Files/Pods-RussianBillsTests/Pods-RussianBillsTests.debug.xcconfig"; sourceTree = "<group>"; };
		DDB991CB5D23CC7D2D205F21 /* Pods_RussianBills.framework */ = {isa = PBXFileReference; explicitFileType = wrapper.framework; includeInIndex = 0; path = Pods_RussianBills.framework; sourceTree = BUILT_PRODUCTS_DIR; };
		EE5348BD94C05A27EC7DDDF0 /* Pods_RussianBillsTests.framework */ = {isa = PBXFileReference; explicitFileType = wrapper.framework; includeInIndex = 0; path = Pods_RussianBillsTests.framework; sourceTree = BUILT_PRODUCTS_DIR; };
/* End PBXFileReference section */

/* Begin PBXFrameworksBuildPhase section */
		2A6315A81F0AE1B400611BD8 /* Frameworks */ = {
			isa = PBXFrameworksBuildPhase;
			buildActionMask = 2147483647;
			files = (
				2A23F0C01FC4A5DD00462428 /* CloudKit.framework in Frameworks */,
				2AA7513B1FBE0B8C00E2535E /* MapKit.framework in Frameworks */,
				2DC8A0204CA7DD91F0587FA5 /* Pods_RussianBills.framework in Frameworks */,
			);
			runOnlyForDeploymentPostprocessing = 0;
		};
		2A6315BC1F0AE1B400611BD8 /* Frameworks */ = {
			isa = PBXFrameworksBuildPhase;
			buildActionMask = 2147483647;
			files = (
				01980DD847A75F282D981929 /* Pods_RussianBillsTests.framework in Frameworks */,
			);
			runOnlyForDeploymentPostprocessing = 0;
		};
/* End PBXFrameworksBuildPhase section */

/* Begin PBXGroup section */
		1586E7C1CF793B55B118E911 /* Frameworks */ = {
			isa = PBXGroup;
			children = (
				2A23F0BF1FC4A5DD00462428 /* CloudKit.framework */,
				2AA7513A1FBE0B8C00E2535E /* MapKit.framework */,
				DDB991CB5D23CC7D2D205F21 /* Pods_RussianBills.framework */,
				EE5348BD94C05A27EC7DDDF0 /* Pods_RussianBillsTests.framework */,
			);
			name = Frameworks;
			sourceTree = "<group>";
		};
		2A0C51C51F1E8C61006C011F /* BillParser */ = {
			isa = PBXGroup;
			children = (
				2A0C51C11F1E8C3A006C011F /* BillParser.swift */,
				2AE20DB81FA216CB00BDCF08 /* BillParserContent.swift */,
				2A2F0A2D1F1FEFEF001D4B89 /* BillParserPhase.swift */,
				2A0C51C21F1E8C3A006C011F /* BillParserEvent.swift */,
			);
			name = BillParser;
			sourceTree = "<group>";
		};
		2A3A04041F992BDE007D4EFE /* SearchResults */ = {
			isa = PBXGroup;
			children = (
				2A3A03FC1F990773007D4EFE /* SearchResultsTableViewController.swift */,
				2A3A04021F992BB9007D4EFE /* SearchResultsTableViewCell.swift */,
			);
			name = SearchResults;
			sourceTree = "<group>";
		};
		2A4ED0E11F0D9922008BF1B3 /* Extensions */ = {
			isa = PBXGroup;
			children = (
				2A1DC8FD1F1ADA5B00866F0B /* String-IsoDateToReadableDate.swift */,
				2A101FF01F8BAB7B0027E47B /* String-CondenseWhitespaces.swift */,
				2A75E9031F22B4510008FD8F /* String-FileNameAndExtension.swift */,
				2AFF24601F1B7BDD0019B80F /* DateToIsoStringExtension.swift */,
				2A8781FD1F0BC24000A0554F /* RealmExtension.swift */,
			);
			name = Extensions;
			sourceTree = "<group>";
		};
		2A4ED0E21F0DB7EC008BF1B3 /* Other Assets */ = {
			isa = PBXGroup;
			children = (
				2A6315B71F0AE1B400611BD8 /* LaunchScreen.storyboard */,
				2A6315BA1F0AE1B400611BD8 /* Info.plist */,
				2AB5E5A21FB0F710005613FE /* GoogleService-Info.plist */,
				2A3A19E81F218BB900CE7BAF /* AppIcon.xcassets */,
				2A4FDBD01F0EBB93005C59AE /* Keys.plist */,
			);
			name = "Other Assets";
			sourceTree = "<group>";
		};
		2A4FDBE71F105639005C59AE /* SimpleTable */ = {
			isa = PBXGroup;
			children = (
				2A4FDBD41F0EEC77005C59AE /* SimpleTableViewController.swift */,
				2A4FDBD81F0EEFCC005C59AE /* SimpleTableViewControllerSelector.swift */,
				2A4FDBE21F104576005C59AE /* NameStartEndTableViewCell.swift */,
				2A4FDBE41F1046B8005C59AE /* NameStartEndTableViewCellDateTextGenerator.swift */,
			);
			name = SimpleTable;
			sourceTree = "<group>";
		};
		2A6315A21F0AE1B400611BD8 = {
			isa = PBXGroup;
			children = (
				2A6315AD1F0AE1B400611BD8 /* RussianBills */,
				2A6315C21F0AE1B400611BD8 /* RussianBillsTests */,
				2A6315AC1F0AE1B400611BD8 /* Products */,
				446ACAC816582A6953401F6D /* Pods */,
				1586E7C1CF793B55B118E911 /* Frameworks */,
			);
			sourceTree = "<group>";
		};
		2A6315AC1F0AE1B400611BD8 /* Products */ = {
			isa = PBXGroup;
			children = (
				2A6315AB1F0AE1B400611BD8 /* RussianBills.app */,
				2A6315BF1F0AE1B400611BD8 /* RussianBillsTests.xctest */,
			);
			name = Products;
			sourceTree = "<group>";
		};
		2A6315AD1F0AE1B400611BD8 /* RussianBills */ = {
			isa = PBXGroup;
			children = (
				2AF231B01FC34FD800EDBB23 /* RussianBills.entitlements */,
				2A6315AE1F0AE1B400611BD8 /* AppDelegate.swift */,
				2A4FDBDF1F1039A0005C59AE /* UserServices.swift */,
				2A92D6601F99386B00B2DD4E /* Dispatcher.swift */,
				2AA751381FBDFFE600E2535E /* LocationManager.swift */,
				2A8F318C1FC7220400E5E3FD /* Syncronization */,
				2AAA81671F195A64005DF090 /* MainScenes */,
				2A0C51C51F1E8C61006C011F /* BillParser */,
				2A4ED0E11F0D9922008BF1B3 /* Extensions */,
				2AA4D19F1F0C127500EE2DA3 /* Requests */,
				2AA4D1961F0C026600EE2DA3 /* Persistance */,
				2A4ED0E21F0DB7EC008BF1B3 /* Other Assets */,
			);
			path = RussianBills;
			sourceTree = "<group>";
		};
		2A6315C21F0AE1B400611BD8 /* RussianBillsTests */ = {
			isa = PBXGroup;
			children = (
				2A6315C31F0AE1B400611BD8 /* RussianBillsTests.swift */,
				2A6315C51F0AE1B400611BD8 /* Info.plist */,
			);
			path = RussianBillsTests;
			sourceTree = "<group>";
		};
		2A8F318C1FC7220400E5E3FD /* Syncronization */ = {
			isa = PBXGroup;
			children = (
				2A3D42041FBA594C0034331E /* SynchronizationManager.swift */,
				2AF15C131FC75C300018991C /* iCloud */,
			);
			name = Syncronization;
			sourceTree = "<group>";
		};
		2A98F16C1F0AF029004F5524 /* Model */ = {
			isa = PBXGroup;
			children = (
				2A5A932B1F0C60320088BEB4 /* BillSearchQuery.swift */,
				2AA4D1A01F0C191900EE2DA3 /* InitialazibleWithJson.swift */,
				2A45E4FC1F9547BB006B18E8 /* QuickSearchFieldsReporting.swift */,
				2AA4D19E1F0C123D00EE2DA3 /* Realm Classes */,
			);
			name = Model;
			sourceTree = "<group>";
		};
		2AA4D1961F0C026600EE2DA3 /* Persistance */ = {
			isa = PBXGroup;
			children = (
				2A75E8FC1F2282F30008FD8F /* FilesManager.swift */,
				2AB159721F15633100FF7BBD /* UserDefaultsCoordinator.swift */,
				2AE76E1F1FB1383900CE79AF /* FirebaseModel */,
				2A98F16C1F0AF029004F5524 /* Model */,
				2AA4D19D1F0C121C00EE2DA3 /* Enums */,
			);
			name = Persistance;
			sourceTree = "<group>";
		};
		2AA4D19D1F0C121C00EE2DA3 /* Enums */ = {
			isa = PBXGroup;
			children = (
				2A4ED0DB1F0D3F22008BF1B3 /* BillSearchQuerySortType.swift */,
				2AE6E8EF1FAA893F0006AD05 /* BillListType.swift */,
				2A4ED0DD1F0D40D8008BF1B3 /* BillSearchQueryPageLimit.swift */,
				2AE76E1B1FB12FB900CE79AF /* AuthStatus.swift */,
				2AA4D1971F0C03D200EE2DA3 /* BillStatus.swift */,
				2A98F16D1F0AF070004F5524 /* LawType.swift */,
				2A8782031F0BE89A00A0554F /* DeputyPosition.swift */,
			);
			name = Enums;
			sourceTree = "<group>";
		};
		2AA4D19E1F0C123D00EE2DA3 /* Realm Classes */ = {
			isa = PBXGroup;
			children = (
				2A98F16A1F0AEFC1004F5524 /* Bill.swift */,
				2AE05F9A1F40F1FC00AEE2D1 /* BillsList.swift */,
				2AA4D1991F0C04D200EE2DA3 /* FederalSubject.swift */,
				2AF15C161FC77DE70018991C /* FavoriteBill.swift */,
				2AA4D19B1F0C10CF00EE2DA3 /* RegionalSubject.swift */,
				2A98F1711F0AF3B4004F5524 /* Committee.swift */,
				2A98F1751F0AFBEA004F5524 /* LawClass.swift */,
				2A8782011F0BE4A400A0554F /* Deputy.swift */,
				2A98F1731F0AFB3C004F5524 /* Topic.swift */,
				2AB1596E1F15530600FF7BBD /* Instance.swift */,
				2AA471EE1F26B903006DF8B0 /* Faction.swift */,
				2AB1596C1F15526A00FF7BBD /* Stage.swift */,
				2A6DD02E1F1BF87B00FB16D7 /* Phase.swift */,
			);
			name = "Realm Classes";
			sourceTree = "<group>";
		};
		2AA4D19F1F0C127500EE2DA3 /* Requests */ = {
			isa = PBXGroup;
			children = (
				2A8782051F0BECF400A0554F /* RequestFunctionsProvider.swift */,
				2A98F1681F0AEEFC004F5524 /* RequestRouter.swift */,
				2AA4D1A21F0C37EB00EE2DA3 /* RequestRouterBillParameters.swift */,
			);
			name = Requests;
			sourceTree = "<group>";
		};
		2AA6771F1F215325003CFD37 /* BillDetails */ = {
			isa = PBXGroup;
			children = (
				2AA6771B1F214EDD003CFD37 /* BillDetailsTableViewController.swift */,
				2AA6771D1F215321003CFD37 /* EventDescriptionTableViewCell.swift */,
			);
			name = BillDetails;
			sourceTree = "<group>";
		};
		2AAA81671F195A64005DF090 /* MainScenes */ = {
			isa = PBXGroup;
			children = (
				2A6315B21F0AE1B400611BD8 /* Main.storyboard */,
				2A4FDBD61F0EEE5E005C59AE /* MainTableViewController.swift */,
				2A290A281F96D2440056E990 /* SearchFormController.swift */,
				2AE76E191FB10D9800CE79AF /* AutorizationFormController.swift */,
				2AAA81641F19599E005DF090 /* BillCardTableViewController.swift */,
				2AA751341FBDF55D00E2535E /* OnMapViewController.swift */,
				2ABABAEB1FBDE3D3000B58E5 /* Legislative Subjects Scene */,
				2A0DAA261FA11536007CC82A /* SettingsTableViewController.swift */,
				2AD350D61FA51CB300EAC827 /* Attachments Scene */,
				2A3A04041F992BDE007D4EFE /* SearchResults */,
				2AA6771F1F215325003CFD37 /* BillDetails */,
				2AD1E93A1F127AB100CA0D89 /* Favorites */,
				2A4FDBE71F105639005C59AE /* SimpleTable */,
				2AB31E811F16A15B005E681F /* QuickSearch */,
			);
			name = MainScenes;
			sourceTree = "<group>";
		};
		2AB31E811F16A15B005E681F /* QuickSearch */ = {
			isa = PBXGroup;
			children = (
				2AB31E7F1F16A154005E681F /* QuickSearchTableViewController.swift */,
				2A6357931F16A3BD00191DF8 /* QuickSearchTableViewCell.swift */,
			);
			name = QuickSearch;
			sourceTree = "<group>";
		};
		2ABABAEB1FBDE3D3000B58E5 /* Legislative Subjects Scene */ = {
			isa = PBXGroup;
			children = (
				2A8424BC1FBDDD3700F6E3BC /* LegislativeSubjTableViewController.swift */,
				2ABABAE91FBDE3CE000B58E5 /* LegislativeSubjectTypeEnum.swift */,
				2AC02F5F1FBF594D0047ACDA /* TempRegSubjInfo.swift */,
			);
			name = "Legislative Subjects Scene";
			sourceTree = "<group>";
		};
		2AD1E93A1F127AB100CA0D89 /* Favorites */ = {
			isa = PBXGroup;
			children = (
				2AD1E9381F127AA600CA0D89 /* FavoritesTableViewController.swift */,
				2AAE25A11F183C970053AD75 /* FavoritesTableViewCell.swift */,
				2AA62DB81F8CE764000405F5 /* FavEmptyView.xib */,
			);
			name = Favorites;
			sourceTree = "<group>";
		};
		2AD350D61FA51CB300EAC827 /* Attachments Scene */ = {
			isa = PBXGroup;
			children = (
				2AA677201F216F30003CFD37 /* BillAttachedDocumentsTableViewController.swift */,
				2AD350D41FA51CAD00EAC827 /* AttachmentTableViewCell.swift */,
			);
			name = "Attachments Scene";
			sourceTree = "<group>";
		};
		2AE76E1F1FB1383900CE79AF /* FirebaseModel */ = {
			isa = PBXGroup;
			children = (
				2AE76E1D1FB1383300CE79AF /* FavoriteBillsStruct.swift */,
			);
			name = FirebaseModel;
			sourceTree = "<group>";
		};
		2AF15C131FC75C300018991C /* iCloud */ = {
			isa = PBXGroup;
			children = (
				2A8F318D1FC722C600E5E3FD /* BillSyncContainer.swift */,
				2AA9C36A1FC733B000169EB7 /* Bill+CKRecord.swift */,
				2AA9C36C1FC738A900169EB7 /* BillSyncContainerStorage.swift */,
				2AF15C111FC75C230018991C /* ICloudSyncEngine.swift */,
			);
			name = iCloud;
			sourceTree = "<group>";
		};
		446ACAC816582A6953401F6D /* Pods */ = {
			isa = PBXGroup;
			children = (
				4A93CF53FD74C6B76B44F2F7 /* Pods-RussianBills.debug.xcconfig */,
				0E6E209F35ACB58153B9E043 /* Pods-RussianBills.release.xcconfig */,
				BCBC56BC82CEA5AF364A1F54 /* Pods-RussianBillsTests.debug.xcconfig */,
				A30249DAB1228218AE2F7FF5 /* Pods-RussianBillsTests.release.xcconfig */,
			);
			name = Pods;
			sourceTree = "<group>";
		};
/* End PBXGroup section */

/* Begin PBXNativeTarget section */
		2A6315AA1F0AE1B400611BD8 /* RussianBills */ = {
			isa = PBXNativeTarget;
			buildConfigurationList = 2A6315C81F0AE1B400611BD8 /* Build configuration list for PBXNativeTarget "RussianBills" */;
			buildPhases = (
				306FBFC29FF50D35C041290D /* [CP] Check Pods Manifest.lock */,
				2A6315A71F0AE1B400611BD8 /* Sources */,
				2A6315A81F0AE1B400611BD8 /* Frameworks */,
				2A6315A91F0AE1B400611BD8 /* Resources */,
				651538C9435B5977F320B8E3 /* [CP] Embed Pods Frameworks */,
				4DD5C543EE7339E99A78C95D /* [CP] Copy Pods Resources */,
			);
			buildRules = (
			);
			dependencies = (
			);
			name = RussianBills;
			productName = RussianBills;
			productReference = 2A6315AB1F0AE1B400611BD8 /* RussianBills.app */;
			productType = "com.apple.product-type.application";
		};
		2A6315BE1F0AE1B400611BD8 /* RussianBillsTests */ = {
			isa = PBXNativeTarget;
			buildConfigurationList = 2A6315CB1F0AE1B400611BD8 /* Build configuration list for PBXNativeTarget "RussianBillsTests" */;
			buildPhases = (
				147F5D9F46AA468A02264DD6 /* [CP] Check Pods Manifest.lock */,
				2A6315BB1F0AE1B400611BD8 /* Sources */,
				2A6315BC1F0AE1B400611BD8 /* Frameworks */,
				2A6315BD1F0AE1B400611BD8 /* Resources */,
				D2F5A0E072C4CEE40CB56927 /* [CP] Embed Pods Frameworks */,
				32CA1886F931F5F1077FA112 /* [CP] Copy Pods Resources */,
			);
			buildRules = (
			);
			dependencies = (
				2A6315C11F0AE1B400611BD8 /* PBXTargetDependency */,
			);
			name = RussianBillsTests;
			productName = RussianBillsTests;
			productReference = 2A6315BF1F0AE1B400611BD8 /* RussianBillsTests.xctest */;
			productType = "com.apple.product-type.bundle.unit-test";
		};
/* End PBXNativeTarget section */

/* Begin PBXProject section */
		2A6315A31F0AE1B400611BD8 /* Project object */ = {
			isa = PBXProject;
			attributes = {
				LastSwiftUpdateCheck = 0830;
				LastUpgradeCheck = 0900;
				ORGANIZATIONNAME = "Xan Kraegor";
				TargetAttributes = {
					2A6315AA1F0AE1B400611BD8 = {
						CreatedOnToolsVersion = 8.3.3;
						DevelopmentTeam = L74ER2RZ64;
						LastSwiftMigration = 0900;
						ProvisioningStyle = Automatic;
						SystemCapabilities = {
							com.apple.BackgroundModes = {
								enabled = 1;
							};
							com.apple.Maps.iOS = {
								enabled = 1;
							};
							com.apple.Push = {
								enabled = 1;
							};
							com.apple.iCloud = {
								enabled = 1;
							};
						};
					};
					2A6315BE1F0AE1B400611BD8 = {
						CreatedOnToolsVersion = 8.3.3;
						DevelopmentTeam = L74ER2RZ64;
						LastSwiftMigration = 0900;
						ProvisioningStyle = Automatic;
						TestTargetID = 2A6315AA1F0AE1B400611BD8;
					};
				};
			};
			buildConfigurationList = 2A6315A61F0AE1B400611BD8 /* Build configuration list for PBXProject "RussianBills" */;
			compatibilityVersion = "Xcode 3.2";
			developmentRegion = English;
			hasScannedForEncodings = 0;
			knownRegions = (
				en,
				Base,
			);
			mainGroup = 2A6315A21F0AE1B400611BD8;
			productRefGroup = 2A6315AC1F0AE1B400611BD8 /* Products */;
			projectDirPath = "";
			projectRoot = "";
			targets = (
				2A6315AA1F0AE1B400611BD8 /* RussianBills */,
				2A6315BE1F0AE1B400611BD8 /* RussianBillsTests */,
			);
		};
/* End PBXProject section */

/* Begin PBXResourcesBuildPhase section */
		2A6315A91F0AE1B400611BD8 /* Resources */ = {
			isa = PBXResourcesBuildPhase;
			buildActionMask = 2147483647;
			files = (
				2A3A19E91F218BB900CE7BAF /* AppIcon.xcassets in Resources */,
				2A4FDBD11F0EBB93005C59AE /* Keys.plist in Resources */,
				2A6315B91F0AE1B400611BD8 /* LaunchScreen.storyboard in Resources */,
				2AA62DB91F8CE764000405F5 /* FavEmptyView.xib in Resources */,
				2A6315B41F0AE1B400611BD8 /* Main.storyboard in Resources */,
				2AB5E5A31FB0F711005613FE /* GoogleService-Info.plist in Resources */,
			);
			runOnlyForDeploymentPostprocessing = 0;
		};
		2A6315BD1F0AE1B400611BD8 /* Resources */ = {
			isa = PBXResourcesBuildPhase;
			buildActionMask = 2147483647;
			files = (
			);
			runOnlyForDeploymentPostprocessing = 0;
		};
/* End PBXResourcesBuildPhase section */

/* Begin PBXShellScriptBuildPhase section */
		147F5D9F46AA468A02264DD6 /* [CP] Check Pods Manifest.lock */ = {
			isa = PBXShellScriptBuildPhase;
			buildActionMask = 2147483647;
			files = (
			);
			inputPaths = (
				"${PODS_PODFILE_DIR_PATH}/Podfile.lock",
				"${PODS_ROOT}/Manifest.lock",
			);
			name = "[CP] Check Pods Manifest.lock";
			outputPaths = (
				"$(DERIVED_FILE_DIR)/Pods-RussianBillsTests-checkManifestLockResult.txt",
			);
			runOnlyForDeploymentPostprocessing = 0;
			shellPath = /bin/sh;
			shellScript = "diff \"${PODS_PODFILE_DIR_PATH}/Podfile.lock\" \"${PODS_ROOT}/Manifest.lock\" > /dev/null\nif [ $? != 0 ] ; then\n    # print error to STDERR\n    echo \"error: The sandbox is not in sync with the Podfile.lock. Run 'pod install' or update your CocoaPods installation.\" >&2\n    exit 1\nfi\n# This output is used by Xcode 'outputs' to avoid re-running this script phase.\necho \"SUCCESS\" > \"${SCRIPT_OUTPUT_FILE_0}\"\n";
			showEnvVarsInLog = 0;
		};
		306FBFC29FF50D35C041290D /* [CP] Check Pods Manifest.lock */ = {
			isa = PBXShellScriptBuildPhase;
			buildActionMask = 2147483647;
			files = (
			);
			inputPaths = (
				"${PODS_PODFILE_DIR_PATH}/Podfile.lock",
				"${PODS_ROOT}/Manifest.lock",
			);
			name = "[CP] Check Pods Manifest.lock";
			outputPaths = (
				"$(DERIVED_FILE_DIR)/Pods-RussianBills-checkManifestLockResult.txt",
			);
			runOnlyForDeploymentPostprocessing = 0;
			shellPath = /bin/sh;
			shellScript = "diff \"${PODS_PODFILE_DIR_PATH}/Podfile.lock\" \"${PODS_ROOT}/Manifest.lock\" > /dev/null\nif [ $? != 0 ] ; then\n    # print error to STDERR\n    echo \"error: The sandbox is not in sync with the Podfile.lock. Run 'pod install' or update your CocoaPods installation.\" >&2\n    exit 1\nfi\n# This output is used by Xcode 'outputs' to avoid re-running this script phase.\necho \"SUCCESS\" > \"${SCRIPT_OUTPUT_FILE_0}\"\n";
			showEnvVarsInLog = 0;
		};
		32CA1886F931F5F1077FA112 /* [CP] Copy Pods Resources */ = {
			isa = PBXShellScriptBuildPhase;
			buildActionMask = 2147483647;
			files = (
			);
			inputPaths = (
			);
			name = "[CP] Copy Pods Resources";
			outputPaths = (
			);
			runOnlyForDeploymentPostprocessing = 0;
			shellPath = /bin/sh;
			shellScript = "\"${SRCROOT}/Pods/Target Support Files/Pods-RussianBillsTests/Pods-RussianBillsTests-resources.sh\"\n";
			showEnvVarsInLog = 0;
		};
		4DD5C543EE7339E99A78C95D /* [CP] Copy Pods Resources */ = {
			isa = PBXShellScriptBuildPhase;
			buildActionMask = 2147483647;
			files = (
			);
			inputPaths = (
			);
			name = "[CP] Copy Pods Resources";
			outputPaths = (
			);
			runOnlyForDeploymentPostprocessing = 0;
			shellPath = /bin/sh;
			shellScript = "\"${SRCROOT}/Pods/Target Support Files/Pods-RussianBills/Pods-RussianBills-resources.sh\"\n";
			showEnvVarsInLog = 0;
		};
		651538C9435B5977F320B8E3 /* [CP] Embed Pods Frameworks */ = {
			isa = PBXShellScriptBuildPhase;
			buildActionMask = 2147483647;
			files = (
			);
			inputPaths = (
				"${SRCROOT}/Pods/Target Support Files/Pods-RussianBills/Pods-RussianBills-frameworks.sh",
				"${BUILT_PRODUCTS_DIR}/Alamofire/Alamofire.framework",
				"${BUILT_PRODUCTS_DIR}/Eureka/Eureka.framework",
				"${BUILT_PRODUCTS_DIR}/GTMSessionFetcher/GTMSessionFetcher.framework",
				"${BUILT_PRODUCTS_DIR}/GoogleToolboxForMac/GoogleToolboxForMac.framework",
				"${BUILT_PRODUCTS_DIR}/Kanna/Kanna.framework",
				"${BUILT_PRODUCTS_DIR}/Realm/Realm.framework",
				"${BUILT_PRODUCTS_DIR}/RealmSwift/RealmSwift.framework",
				"${BUILT_PRODUCTS_DIR}/RxCocoa/RxCocoa.framework",
				"${BUILT_PRODUCTS_DIR}/RxRealm/RxRealm.framework",
				"${BUILT_PRODUCTS_DIR}/RxSwift/RxSwift.framework",
				"${BUILT_PRODUCTS_DIR}/SwiftyJSON/SwiftyJSON.framework",
				"${BUILT_PRODUCTS_DIR}/leveldb-library/leveldb.framework",
				"${BUILT_PRODUCTS_DIR}/nanopb/nanopb.framework",
			);
			name = "[CP] Embed Pods Frameworks";
			outputPaths = (
				"${TARGET_BUILD_DIR}/${FRAMEWORKS_FOLDER_PATH}/Alamofire.framework",
				"${TARGET_BUILD_DIR}/${FRAMEWORKS_FOLDER_PATH}/Eureka.framework",
				"${TARGET_BUILD_DIR}/${FRAMEWORKS_FOLDER_PATH}/GTMSessionFetcher.framework",
				"${TARGET_BUILD_DIR}/${FRAMEWORKS_FOLDER_PATH}/GoogleToolboxForMac.framework",
				"${TARGET_BUILD_DIR}/${FRAMEWORKS_FOLDER_PATH}/Kanna.framework",
				"${TARGET_BUILD_DIR}/${FRAMEWORKS_FOLDER_PATH}/Realm.framework",
				"${TARGET_BUILD_DIR}/${FRAMEWORKS_FOLDER_PATH}/RealmSwift.framework",
				"${TARGET_BUILD_DIR}/${FRAMEWORKS_FOLDER_PATH}/RxCocoa.framework",
				"${TARGET_BUILD_DIR}/${FRAMEWORKS_FOLDER_PATH}/RxRealm.framework",
				"${TARGET_BUILD_DIR}/${FRAMEWORKS_FOLDER_PATH}/RxSwift.framework",
				"${TARGET_BUILD_DIR}/${FRAMEWORKS_FOLDER_PATH}/SwiftyJSON.framework",
				"${TARGET_BUILD_DIR}/${FRAMEWORKS_FOLDER_PATH}/leveldb.framework",
				"${TARGET_BUILD_DIR}/${FRAMEWORKS_FOLDER_PATH}/nanopb.framework",
			);
			runOnlyForDeploymentPostprocessing = 0;
			shellPath = /bin/sh;
			shellScript = "\"${SRCROOT}/Pods/Target Support Files/Pods-RussianBills/Pods-RussianBills-frameworks.sh\"\n";
			showEnvVarsInLog = 0;
		};
		D2F5A0E072C4CEE40CB56927 /* [CP] Embed Pods Frameworks */ = {
			isa = PBXShellScriptBuildPhase;
			buildActionMask = 2147483647;
			files = (
			);
			inputPaths = (
			);
			name = "[CP] Embed Pods Frameworks";
			outputPaths = (
			);
			runOnlyForDeploymentPostprocessing = 0;
			shellPath = /bin/sh;
			shellScript = "\"${SRCROOT}/Pods/Target Support Files/Pods-RussianBillsTests/Pods-RussianBillsTests-frameworks.sh\"\n";
			showEnvVarsInLog = 0;
		};
/* End PBXShellScriptBuildPhase section */

/* Begin PBXSourcesBuildPhase section */
		2A6315A71F0AE1B400611BD8 /* Sources */ = {
			isa = PBXSourcesBuildPhase;
			buildActionMask = 2147483647;
			files = (
				2A3D42051FBA594C0034331E /* SynchronizationManager.swift in Sources */,
				2A92D6611F99386B00B2DD4E /* Dispatcher.swift in Sources */,
				2A98F1741F0AFB3C004F5524 /* Topic.swift in Sources */,
				2AE76E1E1FB1383300CE79AF /* FavoriteBillsStruct.swift in Sources */,
				2A98F16B1F0AEFC1004F5524 /* Bill.swift in Sources */,
				2AA4D19A1F0C04D200EE2DA3 /* FederalSubject.swift in Sources */,
				2AB159731F15633100FF7BBD /* UserDefaultsCoordinator.swift in Sources */,
				2AD1E9391F127AA600CA0D89 /* FavoritesTableViewController.swift in Sources */,
				2A8782061F0BECF400A0554F /* RequestFunctionsProvider.swift in Sources */,
				2AA9C36D1FC738A900169EB7 /* BillSyncContainerStorage.swift in Sources */,
				2AB31E801F16A154005E681F /* QuickSearchTableViewController.swift in Sources */,
				2AA6771C1F214EDD003CFD37 /* BillDetailsTableViewController.swift in Sources */,
				2AA751351FBDF55D00E2535E /* OnMapViewController.swift in Sources */,
				2A45E4FD1F9547BB006B18E8 /* QuickSearchFieldsReporting.swift in Sources */,
				2A4FDBD71F0EEE5E005C59AE /* MainTableViewController.swift in Sources */,
				2A4FDBD51F0EEC77005C59AE /* SimpleTableViewController.swift in Sources */,
				2A8782041F0BE89A00A0554F /* DeputyPosition.swift in Sources */,
				2A4FDBE51F1046B8005C59AE /* NameStartEndTableViewCellDateTextGenerator.swift in Sources */,
				2AE76E1A1FB10D9800CE79AF /* AutorizationFormController.swift in Sources */,
				2A2F0A2E1F1FEFEF001D4B89 /* BillParserPhase.swift in Sources */,
				2A1DC8FE1F1ADA5B00866F0B /* String-IsoDateToReadableDate.swift in Sources */,
				2AFF24611F1B7BDD0019B80F /* DateToIsoStringExtension.swift in Sources */,
				2A4FDBE01F1039A0005C59AE /* UserServices.swift in Sources */,
				2A0C51C31F1E8C3A006C011F /* BillParser.swift in Sources */,
				2AB1596D1F15526A00FF7BBD /* Stage.swift in Sources */,
				2A98F16E1F0AF070004F5524 /* LawType.swift in Sources */,
				2A8782021F0BE4A400A0554F /* Deputy.swift in Sources */,
				2A6357941F16A3BD00191DF8 /* QuickSearchTableViewCell.swift in Sources */,
				2A4ED0DE1F0D40D8008BF1B3 /* BillSearchQueryPageLimit.swift in Sources */,
				2A98F1721F0AF3B4004F5524 /* Committee.swift in Sources */,
				2A4FDBD91F0EEFCC005C59AE /* SimpleTableViewControllerSelector.swift in Sources */,
				2A4FDBE31F104576005C59AE /* NameStartEndTableViewCell.swift in Sources */,
				2AA4D19C1F0C10CF00EE2DA3 /* RegionalSubject.swift in Sources */,
				2AE05F9B1F40F1FC00AEE2D1 /* BillsList.swift in Sources */,
				2AF15C171FC77DE70018991C /* FavoriteBill.swift in Sources */,
				2AAE25A21F183C970053AD75 /* FavoritesTableViewCell.swift in Sources */,
				2AA4D1981F0C03D200EE2DA3 /* BillStatus.swift in Sources */,
				2A98F1761F0AFBEA004F5524 /* LawClass.swift in Sources */,
				2AA751391FBDFFE600E2535E /* LocationManager.swift in Sources */,
				2AE76E1C1FB12FB900CE79AF /* AuthStatus.swift in Sources */,
				2AA677211F216F30003CFD37 /* BillAttachedDocumentsTableViewController.swift in Sources */,
				2A75E8FD1F2282F30008FD8F /* FilesManager.swift in Sources */,
				2A6315AF1F0AE1B400611BD8 /* AppDelegate.swift in Sources */,
				2AA4D1A31F0C37EB00EE2DA3 /* RequestRouterBillParameters.swift in Sources */,
				2A3A04031F992BB9007D4EFE /* SearchResultsTableViewCell.swift in Sources */,
				2A8424BD1FBDDD3700F6E3BC /* LegislativeSubjTableViewController.swift in Sources */,
				2AE20DB91FA216CB00BDCF08 /* BillParserContent.swift in Sources */,
				2AD350D51FA51CAD00EAC827 /* AttachmentTableViewCell.swift in Sources */,
				2ABABAEA1FBDE3CE000B58E5 /* LegislativeSubjectTypeEnum.swift in Sources */,
				2AA4D1A11F0C191900EE2DA3 /* InitialazibleWithJson.swift in Sources */,
				2A101FF11F8BAB7B0027E47B /* String-CondenseWhitespaces.swift in Sources */,
				2A0C51C41F1E8C3A006C011F /* BillParserEvent.swift in Sources */,
				2AA9C36B1FC733B000169EB7 /* Bill+CKRecord.swift in Sources */,
				2AAA81651F19599E005DF090 /* BillCardTableViewController.swift in Sources */,
				2AA471EF1F26B903006DF8B0 /* Faction.swift in Sources */,
				2A3A03FD1F990773007D4EFE /* SearchResultsTableViewController.swift in Sources */,
				2A8F318E1FC722C600E5E3FD /* BillSyncContainer.swift in Sources */,
				2AF15C121FC75C230018991C /* ICloudSyncEngine.swift in Sources */,
				2A0DAA271FA11536007CC82A /* SettingsTableViewController.swift in Sources */,
				2AC02F601FBF594D0047ACDA /* TempRegSubjInfo.swift in Sources */,
				2AE6E8F01FAA893F0006AD05 /* BillListType.swift in Sources */,
				2AA6771E1F215321003CFD37 /* EventDescriptionTableViewCell.swift in Sources */,
				2A5A932C1F0C60320088BEB4 /* BillSearchQuery.swift in Sources */,
				2A98F1691F0AEEFC004F5524 /* RequestRouter.swift in Sources */,
				2A4ED0DC1F0D3F22008BF1B3 /* BillSearchQuerySortType.swift in Sources */,
				2A8781FE1F0BC24000A0554F /* RealmExtension.swift in Sources */,
				2AB1596F1F15530600FF7BBD /* Instance.swift in Sources */,
				2A290A291F96D2440056E990 /* SearchFormController.swift in Sources */,
				2A75E9041F22B4510008FD8F /* String-FileNameAndExtension.swift in Sources */,
				2A6DD02F1F1BF87B00FB16D7 /* Phase.swift in Sources */,
			);
			runOnlyForDeploymentPostprocessing = 0;
		};
		2A6315BB1F0AE1B400611BD8 /* Sources */ = {
			isa = PBXSourcesBuildPhase;
			buildActionMask = 2147483647;
			files = (
				2A6315C41F0AE1B400611BD8 /* RussianBillsTests.swift in Sources */,
			);
			runOnlyForDeploymentPostprocessing = 0;
		};
/* End PBXSourcesBuildPhase section */

/* Begin PBXTargetDependency section */
		2A6315C11F0AE1B400611BD8 /* PBXTargetDependency */ = {
			isa = PBXTargetDependency;
			target = 2A6315AA1F0AE1B400611BD8 /* RussianBills */;
			targetProxy = 2A6315C01F0AE1B400611BD8 /* PBXContainerItemProxy */;
		};
/* End PBXTargetDependency section */

/* Begin PBXVariantGroup section */
		2A6315B21F0AE1B400611BD8 /* Main.storyboard */ = {
			isa = PBXVariantGroup;
			children = (
				2A6315B31F0AE1B400611BD8 /* Base */,
			);
			name = Main.storyboard;
			sourceTree = "<group>";
		};
		2A6315B71F0AE1B400611BD8 /* LaunchScreen.storyboard */ = {
			isa = PBXVariantGroup;
			children = (
				2A6315B81F0AE1B400611BD8 /* Base */,
			);
			name = LaunchScreen.storyboard;
			sourceTree = "<group>";
		};
/* End PBXVariantGroup section */

/* Begin XCBuildConfiguration section */
		2A6315C61F0AE1B400611BD8 /* Debug */ = {
			isa = XCBuildConfiguration;
			buildSettings = {
				ALWAYS_SEARCH_USER_PATHS = NO;
				CLANG_ANALYZER_NONNULL = YES;
				CLANG_ANALYZER_NUMBER_OBJECT_CONVERSION = YES_AGGRESSIVE;
				CLANG_CXX_LANGUAGE_STANDARD = "gnu++0x";
				CLANG_CXX_LIBRARY = "libc++";
				CLANG_ENABLE_MODULES = YES;
				CLANG_ENABLE_OBJC_ARC = YES;
				CLANG_WARN_BLOCK_CAPTURE_AUTORELEASING = YES;
				CLANG_WARN_BOOL_CONVERSION = YES;
				CLANG_WARN_COMMA = YES;
				CLANG_WARN_CONSTANT_CONVERSION = YES;
				CLANG_WARN_DIRECT_OBJC_ISA_USAGE = YES_ERROR;
				CLANG_WARN_DOCUMENTATION_COMMENTS = YES;
				CLANG_WARN_EMPTY_BODY = YES;
				CLANG_WARN_ENUM_CONVERSION = YES;
				CLANG_WARN_INFINITE_RECURSION = YES;
				CLANG_WARN_INT_CONVERSION = YES;
				CLANG_WARN_NON_LITERAL_NULL_CONVERSION = YES;
				CLANG_WARN_OBJC_LITERAL_CONVERSION = YES;
				CLANG_WARN_OBJC_ROOT_CLASS = YES_ERROR;
				CLANG_WARN_RANGE_LOOP_ANALYSIS = YES;
				CLANG_WARN_STRICT_PROTOTYPES = YES;
				CLANG_WARN_SUSPICIOUS_MOVE = YES;
				CLANG_WARN_UNREACHABLE_CODE = YES;
				CLANG_WARN__DUPLICATE_METHOD_MATCH = YES;
				"CODE_SIGN_IDENTITY[sdk=iphoneos*]" = "iPhone Developer";
				COPY_PHASE_STRIP = NO;
				DEBUG_INFORMATION_FORMAT = dwarf;
				ENABLE_STRICT_OBJC_MSGSEND = YES;
				ENABLE_TESTABILITY = YES;
				GCC_C_LANGUAGE_STANDARD = gnu99;
				GCC_DYNAMIC_NO_PIC = NO;
				GCC_NO_COMMON_BLOCKS = YES;
				GCC_OPTIMIZATION_LEVEL = 0;
				GCC_PREPROCESSOR_DEFINITIONS = (
					"DEBUG=1",
					"$(inherited)",
				);
				GCC_WARN_64_TO_32_BIT_CONVERSION = YES;
				GCC_WARN_ABOUT_RETURN_TYPE = YES_ERROR;
				GCC_WARN_UNDECLARED_SELECTOR = YES;
				GCC_WARN_UNINITIALIZED_AUTOS = YES_AGGRESSIVE;
				GCC_WARN_UNUSED_FUNCTION = YES;
				GCC_WARN_UNUSED_VARIABLE = YES;
				IPHONEOS_DEPLOYMENT_TARGET = 10.3;
				MTL_ENABLE_DEBUG_INFO = YES;
				ONLY_ACTIVE_ARCH = YES;
				SDKROOT = iphoneos;
				SWIFT_ACTIVE_COMPILATION_CONDITIONS = DEBUG;
				SWIFT_OPTIMIZATION_LEVEL = "-Onone";
				TARGETED_DEVICE_FAMILY = "1,2";
			};
			name = Debug;
		};
		2A6315C71F0AE1B400611BD8 /* Release */ = {
			isa = XCBuildConfiguration;
			buildSettings = {
				ALWAYS_SEARCH_USER_PATHS = NO;
				CLANG_ANALYZER_NONNULL = YES;
				CLANG_ANALYZER_NUMBER_OBJECT_CONVERSION = YES_AGGRESSIVE;
				CLANG_CXX_LANGUAGE_STANDARD = "gnu++0x";
				CLANG_CXX_LIBRARY = "libc++";
				CLANG_ENABLE_MODULES = YES;
				CLANG_ENABLE_OBJC_ARC = YES;
				CLANG_WARN_BLOCK_CAPTURE_AUTORELEASING = YES;
				CLANG_WARN_BOOL_CONVERSION = YES;
				CLANG_WARN_COMMA = YES;
				CLANG_WARN_CONSTANT_CONVERSION = YES;
				CLANG_WARN_DIRECT_OBJC_ISA_USAGE = YES_ERROR;
				CLANG_WARN_DOCUMENTATION_COMMENTS = YES;
				CLANG_WARN_EMPTY_BODY = YES;
				CLANG_WARN_ENUM_CONVERSION = YES;
				CLANG_WARN_INFINITE_RECURSION = YES;
				CLANG_WARN_INT_CONVERSION = YES;
				CLANG_WARN_NON_LITERAL_NULL_CONVERSION = YES;
				CLANG_WARN_OBJC_LITERAL_CONVERSION = YES;
				CLANG_WARN_OBJC_ROOT_CLASS = YES_ERROR;
				CLANG_WARN_RANGE_LOOP_ANALYSIS = YES;
				CLANG_WARN_STRICT_PROTOTYPES = YES;
				CLANG_WARN_SUSPICIOUS_MOVE = YES;
				CLANG_WARN_UNREACHABLE_CODE = YES;
				CLANG_WARN__DUPLICATE_METHOD_MATCH = YES;
				"CODE_SIGN_IDENTITY[sdk=iphoneos*]" = "iPhone Developer";
				COPY_PHASE_STRIP = NO;
				DEBUG_INFORMATION_FORMAT = "dwarf-with-dsym";
				ENABLE_NS_ASSERTIONS = NO;
				ENABLE_STRICT_OBJC_MSGSEND = YES;
				GCC_C_LANGUAGE_STANDARD = gnu99;
				GCC_NO_COMMON_BLOCKS = YES;
				GCC_WARN_64_TO_32_BIT_CONVERSION = YES;
				GCC_WARN_ABOUT_RETURN_TYPE = YES_ERROR;
				GCC_WARN_UNDECLARED_SELECTOR = YES;
				GCC_WARN_UNINITIALIZED_AUTOS = YES_AGGRESSIVE;
				GCC_WARN_UNUSED_FUNCTION = YES;
				GCC_WARN_UNUSED_VARIABLE = YES;
				IPHONEOS_DEPLOYMENT_TARGET = 10.3;
				MTL_ENABLE_DEBUG_INFO = NO;
				SDKROOT = iphoneos;
				SWIFT_OPTIMIZATION_LEVEL = "-Owholemodule";
				TARGETED_DEVICE_FAMILY = "1,2";
				VALIDATE_PRODUCT = YES;
			};
			name = Release;
		};
		2A6315C91F0AE1B400611BD8 /* Debug */ = {
			isa = XCBuildConfiguration;
			baseConfigurationReference = 4A93CF53FD74C6B76B44F2F7 /* Pods-RussianBills.debug.xcconfig */;
			buildSettings = {
				ASSETCATALOG_COMPILER_APPICON_NAME = AppIcon;
				CODE_SIGN_ENTITLEMENTS = RussianBills/RussianBills.entitlements;
				DEVELOPMENT_TEAM = L74ER2RZ64;
				INFOPLIST_FILE = RussianBills/Info.plist;
				IPHONEOS_DEPLOYMENT_TARGET = 10.0;
				LD_RUNPATH_SEARCH_PATHS = "$(inherited) @executable_path/Frameworks";
				PRODUCT_BUNDLE_IDENTIFIER = com.xankraegor.russianBills;
				PRODUCT_NAME = "$(TARGET_NAME)";
				SWIFT_SWIFT3_OBJC_INFERENCE = Default;
				SWIFT_VERSION = 4.0;
				TARGETED_DEVICE_FAMILY = "1,2";
			};
			name = Debug;
		};
		2A6315CA1F0AE1B400611BD8 /* Release */ = {
			isa = XCBuildConfiguration;
			baseConfigurationReference = 0E6E209F35ACB58153B9E043 /* Pods-RussianBills.release.xcconfig */;
			buildSettings = {
				ASSETCATALOG_COMPILER_APPICON_NAME = AppIcon;
				CODE_SIGN_ENTITLEMENTS = RussianBills/RussianBills.entitlements;
				DEVELOPMENT_TEAM = L74ER2RZ64;
				INFOPLIST_FILE = RussianBills/Info.plist;
				IPHONEOS_DEPLOYMENT_TARGET = 10.0;
				LD_RUNPATH_SEARCH_PATHS = "$(inherited) @executable_path/Frameworks";
				PRODUCT_BUNDLE_IDENTIFIER = com.xankraegor.russianBills;
				PRODUCT_NAME = "$(TARGET_NAME)";
				SWIFT_SWIFT3_OBJC_INFERENCE = Default;
				SWIFT_VERSION = 4.0;
				TARGETED_DEVICE_FAMILY = "1,2";
			};
			name = Release;
		};
		2A6315CC1F0AE1B400611BD8 /* Debug */ = {
			isa = XCBuildConfiguration;
			baseConfigurationReference = BCBC56BC82CEA5AF364A1F54 /* Pods-RussianBillsTests.debug.xcconfig */;
			buildSettings = {
				ALWAYS_EMBED_SWIFT_STANDARD_LIBRARIES = YES;
				BUNDLE_LOADER = "$(TEST_HOST)";
				DEVELOPMENT_TEAM = L74ER2RZ64;
				INFOPLIST_FILE = RussianBillsTests/Info.plist;
				LD_RUNPATH_SEARCH_PATHS = "$(inherited) @executable_path/Frameworks @loader_path/Frameworks";
				PRODUCT_BUNDLE_IDENTIFIER = antonalekseev.RussianBillsTests;
				PRODUCT_NAME = "$(TARGET_NAME)";
				SWIFT_SWIFT3_OBJC_INFERENCE = On;
				SWIFT_VERSION = 4.0;
				TEST_HOST = "$(BUILT_PRODUCTS_DIR)/RussianBills.app/RussianBills";
			};
			name = Debug;
		};
		2A6315CD1F0AE1B400611BD8 /* Release */ = {
			isa = XCBuildConfiguration;
			baseConfigurationReference = A30249DAB1228218AE2F7FF5 /* Pods-RussianBillsTests.release.xcconfig */;
			buildSettings = {
				ALWAYS_EMBED_SWIFT_STANDARD_LIBRARIES = YES;
				BUNDLE_LOADER = "$(TEST_HOST)";
				DEVELOPMENT_TEAM = L74ER2RZ64;
				INFOPLIST_FILE = RussianBillsTests/Info.plist;
				LD_RUNPATH_SEARCH_PATHS = "$(inherited) @executable_path/Frameworks @loader_path/Frameworks";
				PRODUCT_BUNDLE_IDENTIFIER = antonalekseev.RussianBillsTests;
				PRODUCT_NAME = "$(TARGET_NAME)";
				SWIFT_SWIFT3_OBJC_INFERENCE = On;
				SWIFT_VERSION = 4.0;
				TEST_HOST = "$(BUILT_PRODUCTS_DIR)/RussianBills.app/RussianBills";
			};
			name = Release;
		};
/* End XCBuildConfiguration section */

/* Begin XCConfigurationList section */
		2A6315A61F0AE1B400611BD8 /* Build configuration list for PBXProject "RussianBills" */ = {
			isa = XCConfigurationList;
			buildConfigurations = (
				2A6315C61F0AE1B400611BD8 /* Debug */,
				2A6315C71F0AE1B400611BD8 /* Release */,
			);
			defaultConfigurationIsVisible = 0;
			defaultConfigurationName = Release;
		};
		2A6315C81F0AE1B400611BD8 /* Build configuration list for PBXNativeTarget "RussianBills" */ = {
			isa = XCConfigurationList;
			buildConfigurations = (
				2A6315C91F0AE1B400611BD8 /* Debug */,
				2A6315CA1F0AE1B400611BD8 /* Release */,
			);
			defaultConfigurationIsVisible = 0;
			defaultConfigurationName = Release;
		};
		2A6315CB1F0AE1B400611BD8 /* Build configuration list for PBXNativeTarget "RussianBillsTests" */ = {
			isa = XCConfigurationList;
			buildConfigurations = (
				2A6315CC1F0AE1B400611BD8 /* Debug */,
				2A6315CD1F0AE1B400611BD8 /* Release */,
			);
			defaultConfigurationIsVisible = 0;
			defaultConfigurationName = Release;
		};
/* End XCConfigurationList section */
	};
	rootObject = 2A6315A31F0AE1B400611BD8 /* Project object */;
}
